
Microsoft Visual Studio Solution File, Format Version 12.00
# Visual Studio 15
VisualStudioVersion = 15.0.27130.2020
MinimumVisualStudioVersion = 10.0.40219.1
Project("{2150E333-8FDC-42A3-9474-1A3956D46DE8}") = "1. Host", "1. Host", "{18364F05-27C4-44B5-A655-5BAE2EF8FC29}"
EndProject
Project("{2150E333-8FDC-42A3-9474-1A3956D46DE8}") = "2. BLL", "2. BLL", "{2C5AEE0C-006E-408F-855D-EF1BD37EA2D2}"
EndProject
Project("{2150E333-8FDC-42A3-9474-1A3956D46DE8}") = "3. DAL", "3. DAL", "{884431FC-6600-42FE-AE60-07BF9BDB694F}"
EndProject
Project("{2150E333-8FDC-42A3-9474-1A3956D46DE8}") = "4. Common", "4. Common", "{0D1E003E-6294-4922-BE71-155FA4BA9009}"
EndProject
Project("{2150E333-8FDC-42A3-9474-1A3956D46DE8}") = "src", "src", "{FE0CCD83-86BB-4D98-BE23-860009689209}"
EndProject
Project("{2150E333-8FDC-42A3-9474-1A3956D46DE8}") = "test", "test", "{BBAF193C-0529-491D-9E25-4166505B78BB}"
EndProject
Project("{9A19103F-16F7-4668-BE54-9A1E7A4F7556}") = "Weather.BLL", "src\2. BLL\Weather.BLL\Weather.BLL.csproj", "{26BB5AD2-BC4D-456F-8375-5084FD65D06B}"
EndProject
Project("{9A19103F-16F7-4668-BE54-9A1E7A4F7556}") = "Weather.BLL.ApiModels", "src\2. BLL\Weather.BLL.BindingModels\Weather.BLL.ApiModels.csproj", "{7201F29D-A159-4F22-B0F1-D22AD0308FC9}"
EndProject
Project("{9A19103F-16F7-4668-BE54-9A1E7A4F7556}") = "Weather.Api", "src\1. Host\Weather.Api\Weather.Api.csproj", "{90CDDF3C-2773-48AA-AF7D-0B7924A44EED}"
EndProject
Project("{9A19103F-16F7-4668-BE54-9A1E7A4F7556}") = "Weather.DAL", "src\3. DAL\Weather.DAL\Weather.DAL.csproj", "{9658614C-C932-4284-AC69-FBEF60868636}"
EndProject
Project("{9A19103F-16F7-4668-BE54-9A1E7A4F7556}") = "Weather.DAL.Context", "src\3. DAL\Weather.DAL.Context\Weather.DAL.Context.csproj", "{329FF778-E0BC-4EE0-BB72-30211611DE3A}"
EndProject
Project("{9A19103F-16F7-4668-BE54-9A1E7A4F7556}") = "Weather.DAL.Models", "src\3. DAL\Weather.DAL.Models\Weather.DAL.Models.csproj", "{F1263300-12FE-4302-8021-793A90D07F11}"
EndProject
Project("{9A19103F-16F7-4668-BE54-9A1E7A4F7556}") = "Weather.DAL.SQLiteContext", "src\3. DAL\Weather.DAL.SQLiteContext\Weather.DAL.SQLiteContext.csproj", "{DF63066E-9376-40A9-9D8C-E1F51691FE89}"
EndProject
Global
	GlobalSection(SolutionConfigurationPlatforms) = preSolution
		Debug|Any CPU = Debug|Any CPU
		Release|Any CPU = Release|Any CPU
	EndGlobalSection
	GlobalSection(ProjectConfigurationPlatforms) = postSolution
		{26BB5AD2-BC4D-456F-8375-5084FD65D06B}.Debug|Any CPU.ActiveCfg = Debug|Any CPU
		{26BB5AD2-BC4D-456F-8375-5084FD65D06B}.Debug|Any CPU.Build.0 = Debug|Any CPU
		{26BB5AD2-BC4D-456F-8375-5084FD65D06B}.Release|Any CPU.ActiveCfg = Release|Any CPU
		{26BB5AD2-BC4D-456F-8375-5084FD65D06B}.Release|Any CPU.Build.0 = Release|Any CPU
		{7201F29D-A159-4F22-B0F1-D22AD0308FC9}.Debug|Any CPU.ActiveCfg = Debug|Any CPU
		{7201F29D-A159-4F22-B0F1-D22AD0308FC9}.Debug|Any CPU.Build.0 = Debug|Any CPU
		{7201F29D-A159-4F22-B0F1-D22AD0308FC9}.Release|Any CPU.ActiveCfg = Release|Any CPU
		{7201F29D-A159-4F22-B0F1-D22AD0308FC9}.Release|Any CPU.Build.0 = Release|Any CPU
		{90CDDF3C-2773-48AA-AF7D-0B7924A44EED}.Debug|Any CPU.ActiveCfg = Debug|Any CPU
		{90CDDF3C-2773-48AA-AF7D-0B7924A44EED}.Debug|Any CPU.Build.0 = Debug|Any CPU
		{90CDDF3C-2773-48AA-AF7D-0B7924A44EED}.Release|Any CPU.ActiveCfg = Release|Any CPU
		{90CDDF3C-2773-48AA-AF7D-0B7924A44EED}.Release|Any CPU.Build.0 = Release|Any CPU
		{9658614C-C932-4284-AC69-FBEF60868636}.Debug|Any CPU.ActiveCfg = Debug|Any CPU
		{9658614C-C932-4284-AC69-FBEF60868636}.Debug|Any CPU.Build.0 = Debug|Any CPU
		{9658614C-C932-4284-AC69-FBEF60868636}.Release|Any CPU.ActiveCfg = Release|Any CPU
		{9658614C-C932-4284-AC69-FBEF60868636}.Release|Any CPU.Build.0 = Release|Any CPU
		{329FF778-E0BC-4EE0-BB72-30211611DE3A}.Debug|Any CPU.ActiveCfg = Debug|Any CPU
		{329FF778-E0BC-4EE0-BB72-30211611DE3A}.Debug|Any CPU.Build.0 = Debug|Any CPU
		{329FF778-E0BC-4EE0-BB72-30211611DE3A}.Release|Any CPU.ActiveCfg = Release|Any CPU
		{329FF778-E0BC-4EE0-BB72-30211611DE3A}.Release|Any CPU.Build.0 = Release|Any CPU
		{F1263300-12FE-4302-8021-793A90D07F11}.Debug|Any CPU.ActiveCfg = Debug|Any CPU
		{F1263300-12FE-4302-8021-793A90D07F11}.Debug|Any CPU.Build.0 = Debug|Any CPU
		{F1263300-12FE-4302-8021-793A90D07F11}.Release|Any CPU.ActiveCfg = Release|Any CPU
		{F1263300-12FE-4302-8021-793A90D07F11}.Release|Any CPU.Build.0 = Release|Any CPU
		{DF63066E-9376-40A9-9D8C-E1F51691FE89}.Debug|Any CPU.ActiveCfg = Debug|Any CPU
		{DF63066E-9376-40A9-9D8C-E1F51691FE89}.Debug|Any CPU.Build.0 = Debug|Any CPU
		{DF63066E-9376-40A9-9D8C-E1F51691FE89}.Release|Any CPU.ActiveCfg = Release|Any CPU
		{DF63066E-9376-40A9-9D8C-E1F51691FE89}.Release|Any CPU.Build.0 = Release|Any CPU
	EndGlobalSection
	GlobalSection(SolutionProperties) = preSolution
		HideSolutionNode = FALSE
	EndGlobalSection
	GlobalSection(NestedProjects) = preSolution
		{18364F05-27C4-44B5-A655-5BAE2EF8FC29} = {FE0CCD83-86BB-4D98-BE23-860009689209}
		{2C5AEE0C-006E-408F-855D-EF1BD37EA2D2} = {FE0CCD83-86BB-4D98-BE23-860009689209}
		{884431FC-6600-42FE-AE60-07BF9BDB694F} = {FE0CCD83-86BB-4D98-BE23-860009689209}
		{0D1E003E-6294-4922-BE71-155FA4BA9009} = {FE0CCD83-86BB-4D98-BE23-860009689209}
		{26BB5AD2-BC4D-456F-8375-5084FD65D06B} = {2C5AEE0C-006E-408F-855D-EF1BD37EA2D2}
		{7201F29D-A159-4F22-B0F1-D22AD0308FC9} = {2C5AEE0C-006E-408F-855D-EF1BD37EA2D2}
		{90CDDF3C-2773-48AA-AF7D-0B7924A44EED} = {18364F05-27C4-44B5-A655-5BAE2EF8FC29}
		{9658614C-C932-4284-AC69-FBEF60868636} = {884431FC-6600-42FE-AE60-07BF9BDB694F}
		{329FF778-E0BC-4EE0-BB72-30211611DE3A} = {884431FC-6600-42FE-AE60-07BF9BDB694F}
		{F1263300-12FE-4302-8021-793A90D07F11} = {884431FC-6600-42FE-AE60-07BF9BDB694F}
		{DF63066E-9376-40A9-9D8C-E1F51691FE89} = {884431FC-6600-42FE-AE60-07BF9BDB694F}
	EndGlobalSection
	GlobalSection(ExtensibilityGlobals) = postSolution
		SolutionGuid = {72ED9A0A-F191-49A1-A735-0F33B66CF764}
	EndGlobalSection
EndGlobal
